
Microsoft Visual Studio Solution File, Format Version 12.00
# Visual Studio Version 17
VisualStudioVersion = 17.2.32210.308
MinimumVisualStudioVersion = 10.0.40219.1
Project("{FAE04EC0-301F-11D3-BF4B-00C04F79EFBC}") = "API", "API\API.csproj", "{EEDA24B7-6005-4749-A89D-C5A7F38B1A0C}"
EndProject
Project("{FAE04EC0-301F-11D3-BF4B-00C04F79EFBC}") = "DataAccess", "DataAccess\DataAccess.csproj", "{3558D324-ED1A-45DF-A9B9-6D4F852593AA}"
EndProject
Project("{FAE04EC0-301F-11D3-BF4B-00C04F79EFBC}") = "Server", "Server\Server.csproj", "{3C50CA09-6198-4E97-80FD-35062ADAF45E}"
EndProject
Global
	GlobalSection(SolutionConfigurationPlatforms) = preSolution
		Debug|Any CPU = Debug|Any CPU
		Release|Any CPU = Release|Any CPU
	EndGlobalSection
	GlobalSection(ProjectConfigurationPlatforms) = postSolution
		{EEDA24B7-6005-4749-A89D-C5A7F38B1A0C}.Debug|Any CPU.ActiveCfg = Debug|Any CPU
		{EEDA24B7-6005-4749-A89D-C5A7F38B1A0C}.Debug|Any CPU.Build.0 = Debug|Any CPU
		{EEDA24B7-6005-4749-A89D-C5A7F38B1A0C}.Release|Any CPU.ActiveCfg = Release|Any CPU
		{EEDA24B7-6005-4749-A89D-C5A7F38B1A0C}.Release|Any CPU.Build.0 = Release|Any CPU
		{3558D324-ED1A-45DF-A9B9-6D4F852593AA}.Debug|Any CPU.ActiveCfg = Debug|Any CPU
		{3558D324-ED1A-45DF-A9B9-6D4F852593AA}.Debug|Any CPU.Build.0 = Debug|Any CPU
		{3558D324-ED1A-45DF-A9B9-6D4F852593AA}.Release|Any CPU.ActiveCfg = Release|Any CPU
		{3558D324-ED1A-45DF-A9B9-6D4F852593AA}.Release|Any CPU.Build.0 = Release|Any CPU
		{3C50CA09-6198-4E97-80FD-35062ADAF45E}.Debug|Any CPU.ActiveCfg = Debug|Any CPU
		{3C50CA09-6198-4E97-80FD-35062ADAF45E}.Debug|Any CPU.Build.0 = Debug|Any CPU
		{3C50CA09-6198-4E97-80FD-35062ADAF45E}.Release|Any CPU.ActiveCfg = Release|Any CPU
		{3C50CA09-6198-4E97-80FD-35062ADAF45E}.Release|Any CPU.Build.0 = Release|Any CPU
	EndGlobalSection
	GlobalSection(SolutionProperties) = preSolution
		HideSolutionNode = FALSE
	EndGlobalSection
	GlobalSection(ExtensibilityGlobals) = postSolution
		SolutionGuid = {078A56E7-FEED-4748-877D-2BB14D9F2B17}
	EndGlobalSection
EndGlobal
